
Microsoft Visual Studio Solution File, Format Version 12.00
# Visual Studio Version 16
VisualStudioVersion = 16.0.32106.194
MinimumVisualStudioVersion = 10.0.40219.1
Project("{FAE04EC0-301F-11D3-BF4B-00C04F79EFBC}") = "Core", "Core\Core.csproj", "{15B2BB5D-89AA-48FD-BEAD-920506F85F37}"
EndProject
Project("{FAE04EC0-301F-11D3-BF4B-00C04F79EFBC}") = "Repository", "Repository\Repository.csproj", "{90F74F0E-FC0A-408C-B037-51DB74EADE2C}"
EndProject
Project("{FAE04EC0-301F-11D3-BF4B-00C04F79EFBC}") = "Service", "Service\Service.csproj", "{36FB914F-0856-4E95-B191-7AC91AA227C1}"
EndProject
Project("{FAE04EC0-301F-11D3-BF4B-00C04F79EFBC}") = "Caching", "Caching\Caching.csproj", "{F55C5D9D-A9C2-40DE-A940-958545361411}"
EndProject
Project("{FAE04EC0-301F-11D3-BF4B-00C04F79EFBC}") = "WebUI", "WebUI\WebUI.csproj", "{CAE733B4-75BB-497F-BEB4-F567973775C9}"
EndProject
Project("{FAE04EC0-301F-11D3-BF4B-00C04F79EFBC}") = "WebAPI", "WebAPI\WebAPI.csproj", "{224347BC-53B7-455A-8D3A-37D2C96BF0C3}"
EndProject
Global
	GlobalSection(SolutionConfigurationPlatforms) = preSolution
		Debug|Any CPU = Debug|Any CPU
		Release|Any CPU = Release|Any CPU
	EndGlobalSection
	GlobalSection(ProjectConfigurationPlatforms) = postSolution
		{15B2BB5D-89AA-48FD-BEAD-920506F85F37}.Debug|Any CPU.ActiveCfg = Debug|Any CPU
		{15B2BB5D-89AA-48FD-BEAD-920506F85F37}.Debug|Any CPU.Build.0 = Debug|Any CPU
		{15B2BB5D-89AA-48FD-BEAD-920506F85F37}.Release|Any CPU.ActiveCfg = Release|Any CPU
		{15B2BB5D-89AA-48FD-BEAD-920506F85F37}.Release|Any CPU.Build.0 = Release|Any CPU
		{90F74F0E-FC0A-408C-B037-51DB74EADE2C}.Debug|Any CPU.ActiveCfg = Debug|Any CPU
		{90F74F0E-FC0A-408C-B037-51DB74EADE2C}.Debug|Any CPU.Build.0 = Debug|Any CPU
		{90F74F0E-FC0A-408C-B037-51DB74EADE2C}.Release|Any CPU.ActiveCfg = Release|Any CPU
		{90F74F0E-FC0A-408C-B037-51DB74EADE2C}.Release|Any CPU.Build.0 = Release|Any CPU
		{36FB914F-0856-4E95-B191-7AC91AA227C1}.Debug|Any CPU.ActiveCfg = Debug|Any CPU
		{36FB914F-0856-4E95-B191-7AC91AA227C1}.Debug|Any CPU.Build.0 = Debug|Any CPU
		{36FB914F-0856-4E95-B191-7AC91AA227C1}.Release|Any CPU.ActiveCfg = Release|Any CPU
		{36FB914F-0856-4E95-B191-7AC91AA227C1}.Release|Any CPU.Build.0 = Release|Any CPU
		{F55C5D9D-A9C2-40DE-A940-958545361411}.Debug|Any CPU.ActiveCfg = Debug|Any CPU
		{F55C5D9D-A9C2-40DE-A940-958545361411}.Debug|Any CPU.Build.0 = Debug|Any CPU
		{F55C5D9D-A9C2-40DE-A940-958545361411}.Release|Any CPU.ActiveCfg = Release|Any CPU
		{F55C5D9D-A9C2-40DE-A940-958545361411}.Release|Any CPU.Build.0 = Release|Any CPU
		{CAE733B4-75BB-497F-BEB4-F567973775C9}.Debug|Any CPU.ActiveCfg = Debug|Any CPU
		{CAE733B4-75BB-497F-BEB4-F567973775C9}.Debug|Any CPU.Build.0 = Debug|Any CPU
		{CAE733B4-75BB-497F-BEB4-F567973775C9}.Release|Any CPU.ActiveCfg = Release|Any CPU
		{CAE733B4-75BB-497F-BEB4-F567973775C9}.Release|Any CPU.Build.0 = Release|Any CPU
		{224347BC-53B7-455A-8D3A-37D2C96BF0C3}.Debug|Any CPU.ActiveCfg = Debug|Any CPU
		{224347BC-53B7-455A-8D3A-37D2C96BF0C3}.Debug|Any CPU.Build.0 = Debug|Any CPU
		{224347BC-53B7-455A-8D3A-37D2C96BF0C3}.Release|Any CPU.ActiveCfg = Release|Any CPU
		{224347BC-53B7-455A-8D3A-37D2C96BF0C3}.Release|Any CPU.Build.0 = Release|Any CPU
	EndGlobalSection
	GlobalSection(SolutionProperties) = preSolution
		HideSolutionNode = FALSE
	EndGlobalSection
	GlobalSection(ExtensibilityGlobals) = postSolution
		SolutionGuid = {2BE462DE-330C-4F4E-9C66-75960C96FE89}
	EndGlobalSection
EndGlobal
